
Microsoft Visual Studio Solution File, Format Version 12.00
# Visual Studio Version 17
VisualStudioVersion = 17.5.33627.172
MinimumVisualStudioVersion = 10.0.40219.1
Project("{9A19103F-16F7-4668-BE54-9A1E7A4F7556}") = "MISA.EMIS.HOMEWORK", "MISA.EMIS.HOMEWORK\MISA.EMIS.HOMEWORK.csproj", "{960E85D6-1B9B-491A-B6E0-7D6A33A3306C}"
EndProject
Project("{9A19103F-16F7-4668-BE54-9A1E7A4F7556}") = "MISA.EMIS.HOMEWORK.BL", "MISA.EMIS.HOMEWORK.SERVICES\MISA.EMIS.HOMEWORK.BL.csproj", "{D66D92FE-0D0A-4E65-9A49-96254C523D2D}"
EndProject
Project("{9A19103F-16F7-4668-BE54-9A1E7A4F7556}") = "MISA.EMIS.HOMEWORK.DL", "MISA.EMIS.HOMEWORK.DL\MISA.EMIS.HOMEWORK.DL.csproj", "{DAB15D58-A680-47B1-B136-D10363C1953A}"
EndProject
Project("{9A19103F-16F7-4668-BE54-9A1E7A4F7556}") = "MISA.EMIS.HOMEWORK.COMMON", "MISA.EMIS.HOMEWORK.COMMON\MISA.EMIS.HOMEWORK.COMMON.csproj", "{DE36A4FE-7B49-4CEC-BB61-B5F51383A01F}"
EndProject
Project("{FAE04EC0-301F-11D3-BF4B-00C04F79EFBC}") = "MISA.EMIS.HOMEWORK.BLAPP", "MISA.EMIS.HOMEWORK.BLAPP\MISA.EMIS.HOMEWORK.BLAPP.csproj", "{68317C6C-9E65-44B2-B672-E8AF27BFEB06}"
EndProject
Global
	GlobalSection(SolutionConfigurationPlatforms) = preSolution
		Debug|Any CPU = Debug|Any CPU
		Release|Any CPU = Release|Any CPU
	EndGlobalSection
	GlobalSection(ProjectConfigurationPlatforms) = postSolution
		{960E85D6-1B9B-491A-B6E0-7D6A33A3306C}.Debug|Any CPU.ActiveCfg = Debug|Any CPU
		{960E85D6-1B9B-491A-B6E0-7D6A33A3306C}.Debug|Any CPU.Build.0 = Debug|Any CPU
		{960E85D6-1B9B-491A-B6E0-7D6A33A3306C}.Release|Any CPU.ActiveCfg = Release|Any CPU
		{960E85D6-1B9B-491A-B6E0-7D6A33A3306C}.Release|Any CPU.Build.0 = Release|Any CPU
		{D66D92FE-0D0A-4E65-9A49-96254C523D2D}.Debug|Any CPU.ActiveCfg = Debug|Any CPU
		{D66D92FE-0D0A-4E65-9A49-96254C523D2D}.Debug|Any CPU.Build.0 = Debug|Any CPU
		{D66D92FE-0D0A-4E65-9A49-96254C523D2D}.Release|Any CPU.ActiveCfg = Release|Any CPU
		{D66D92FE-0D0A-4E65-9A49-96254C523D2D}.Release|Any CPU.Build.0 = Release|Any CPU
		{DAB15D58-A680-47B1-B136-D10363C1953A}.Debug|Any CPU.ActiveCfg = Debug|Any CPU
		{DAB15D58-A680-47B1-B136-D10363C1953A}.Debug|Any CPU.Build.0 = Debug|Any CPU
		{DAB15D58-A680-47B1-B136-D10363C1953A}.Release|Any CPU.ActiveCfg = Release|Any CPU
		{DAB15D58-A680-47B1-B136-D10363C1953A}.Release|Any CPU.Build.0 = Release|Any CPU
		{DE36A4FE-7B49-4CEC-BB61-B5F51383A01F}.Debug|Any CPU.ActiveCfg = Debug|Any CPU
		{DE36A4FE-7B49-4CEC-BB61-B5F51383A01F}.Debug|Any CPU.Build.0 = Debug|Any CPU
		{DE36A4FE-7B49-4CEC-BB61-B5F51383A01F}.Release|Any CPU.ActiveCfg = Release|Any CPU
		{DE36A4FE-7B49-4CEC-BB61-B5F51383A01F}.Release|Any CPU.Build.0 = Release|Any CPU
		{68317C6C-9E65-44B2-B672-E8AF27BFEB06}.Debug|Any CPU.ActiveCfg = Debug|Any CPU
		{68317C6C-9E65-44B2-B672-E8AF27BFEB06}.Debug|Any CPU.Build.0 = Debug|Any CPU
		{68317C6C-9E65-44B2-B672-E8AF27BFEB06}.Release|Any CPU.ActiveCfg = Release|Any CPU
		{68317C6C-9E65-44B2-B672-E8AF27BFEB06}.Release|Any CPU.Build.0 = Release|Any CPU
	EndGlobalSection
	GlobalSection(SolutionProperties) = preSolution
		HideSolutionNode = FALSE
	EndGlobalSection
	GlobalSection(ExtensibilityGlobals) = postSolution
		SolutionGuid = {C8DDE3A8-04B4-4031-9804-9C9AA00CAEFB}
	EndGlobalSection
EndGlobal
